
Microsoft Visual Studio Solution File, Format Version 12.00
# Visual Studio Version 17
VisualStudioVersion = 17.2.32516.85
MinimumVisualStudioVersion = 10.0.40219.1
Project("{9A19103F-16F7-4668-BE54-9A1E7A4F7556}") = "FFTTRPGCalculator", "FFTTRPGCalculator\FFTTRPGCalculator.csproj", "{1E56FD72-43AB-456C-BC28-92C123E4072B}"
EndProject
Global
	GlobalSection(SolutionConfigurationPlatforms) = preSolution
		Debug|Any CPU = Debug|Any CPU
		PotCalc|Any CPU = PotCalc|Any CPU
		Release|Any CPU = Release|Any CPU
	EndGlobalSection
	GlobalSection(ProjectConfigurationPlatforms) = postSolution
		{1E56FD72-43AB-456C-BC28-92C123E4072B}.Debug|Any CPU.ActiveCfg = PotCalc|Any CPU
		{1E56FD72-43AB-456C-BC28-92C123E4072B}.PotCalc|Any CPU.ActiveCfg = PotCalc|Any CPU
		{1E56FD72-43AB-456C-BC28-92C123E4072B}.PotCalc|Any CPU.Build.0 = PotCalc|Any CPU
		{1E56FD72-43AB-456C-BC28-92C123E4072B}.Release|Any CPU.ActiveCfg = PotCalc|Any CPU
	EndGlobalSection
	GlobalSection(SolutionProperties) = preSolution
		HideSolutionNode = FALSE
	EndGlobalSection
	GlobalSection(ExtensibilityGlobals) = postSolution
		SolutionGuid = {DA4E8135-F6EE-46B1-A832-0ABEA32C77F1}
	EndGlobalSection
EndGlobal
